// !$*UTF8*$!
{
	archiveVersion = 1;
	classes = {
	};
	objectVersion = 50;
	objects = {

/* Begin PBXBuildFile section */
		F907EA7322F3736E00196382 /* drawText_Tests.swift in Sources */ = {isa = PBXBuildFile; fileRef = F907EA7222F3736E00196382 /* drawText_Tests.swift */; };
		F907EA7822F3738700196382 /* TextImage.swift in Sources */ = {isa = PBXBuildFile; fileRef = F99B0BA522F24403002851D8 /* TextImage.swift */; };
		F907EA7922F3738700196382 /* Stylesheet.swift in Sources */ = {isa = PBXBuildFile; fileRef = F99B0BAB22F24629002851D8 /* Stylesheet.swift */; };
		F907EA7A22F3738B00196382 /* CommandLineHelpers.swift in Sources */ = {isa = PBXBuildFile; fileRef = F99B0BA322F2434E002851D8 /* CommandLineHelpers.swift */; };
		F907EA7B22F3738B00196382 /* Extensions.swift in Sources */ = {isa = PBXBuildFile; fileRef = F99B0BAD22F24E81002851D8 /* Extensions.swift */; };
		F907EA7E22F3742900196382 /* text-size-adjustment-test.txt in Resources */ = {isa = PBXBuildFile; fileRef = F907EA7D22F3742900196382 /* text-size-adjustment-test.txt */; };
		F907EA8122F375BD00196382 /* external-styles-sample.css in Resources */ = {isa = PBXBuildFile; fileRef = F907EA8022F375BD00196382 /* external-styles-sample.css */; };
		F907EA8222F3766D00196382 /* default-stylesheet.txt in Resources */ = {isa = PBXBuildFile; fileRef = F907EA7F22F3757A00196382 /* default-stylesheet.txt */; };
		F907EA8422F3771200196382 /* external-styles-test.txt in Resources */ = {isa = PBXBuildFile; fileRef = F907EA8322F376F700196382 /* external-styles-test.txt */; };
		F907EA8622F377D300196382 /* StylesheetTests.swift in Sources */ = {isa = PBXBuildFile; fileRef = F907EA8522F377D300196382 /* StylesheetTests.swift */; };
		F907EA8822F3780B00196382 /* DigitParsingTests.swift in Sources */ = {isa = PBXBuildFile; fileRef = F907EA8722F3780B00196382 /* DigitParsingTests.swift */; };
		F907EA8A22F38F8B00196382 /* FileSystemHelper.swift in Sources */ = {isa = PBXBuildFile; fileRef = F907EA8922F38F8B00196382 /* FileSystemHelper.swift */; };
		F99B0B9C22F24329002851D8 /* main.swift in Sources */ = {isa = PBXBuildFile; fileRef = F99B0B9B22F24329002851D8 /* main.swift */; };
		F99B0BA422F2434E002851D8 /* CommandLineHelpers.swift in Sources */ = {isa = PBXBuildFile; fileRef = F99B0BA322F2434E002851D8 /* CommandLineHelpers.swift */; };
		F99B0BA622F24403002851D8 /* TextImage.swift in Sources */ = {isa = PBXBuildFile; fileRef = F99B0BA522F24403002851D8 /* TextImage.swift */; };
		F99B0BAC22F24629002851D8 /* Stylesheet.swift in Sources */ = {isa = PBXBuildFile; fileRef = F99B0BAB22F24629002851D8 /* Stylesheet.swift */; };
		F99B0BAE22F24E81002851D8 /* Extensions.swift in Sources */ = {isa = PBXBuildFile; fileRef = F99B0BAD22F24E81002851D8 /* Extensions.swift */; };
		F9AE76F222F39664006C0FEB /* ExtensionsTests.swift in Sources */ = {isa = PBXBuildFile; fileRef = F9AE76F122F39664006C0FEB /* ExtensionsTests.swift */; };
		F9C0B31D22F3F29300B5DDD2 /* FileSystemHelper.swift in Sources */ = {isa = PBXBuildFile; fileRef = F907EA8922F38F8B00196382 /* FileSystemHelper.swift */; };
		F9C0B31F22F3F2EE00B5DDD2 /* CoreTextStack.swift in Sources */ = {isa = PBXBuildFile; fileRef = F9C0B31E22F3F2EE00B5DDD2 /* CoreTextStack.swift */; };
		F9C0B32022F3F3CE00B5DDD2 /* CoreTextStack.swift in Sources */ = {isa = PBXBuildFile; fileRef = F9C0B31E22F3F2EE00B5DDD2 /* CoreTextStack.swift */; };
		F9C0B32222F4A7BB00B5DDD2 /* large-text-block.txt in Resources */ = {isa = PBXBuildFile; fileRef = F9C0B32122F4A7BB00B5DDD2 /* large-text-block.txt */; };
		F9C0B32422F4A7DC00B5DDD2 /* regular-text-block.txt in Resources */ = {isa = PBXBuildFile; fileRef = F9C0B32322F4A7DC00B5DDD2 /* regular-text-block.txt */; };
		F9C0B32822F4A87A00B5DDD2 /* TextImageTests.swift in Sources */ = {isa = PBXBuildFile; fileRef = F9C0B32722F4A87A00B5DDD2 /* TextImageTests.swift */; };
		F9C0B32E22F4D70200B5DDD2 /* rtl-text-block.txt in Resources */ = {isa = PBXBuildFile; fileRef = F9C0B32A22F4B53C00B5DDD2 /* rtl-text-block.txt */; };
/* End PBXBuildFile section */

/* Begin PBXCopyFilesBuildPhase section */
		F99B0B9622F24329002851D8 /* CopyFiles */ = {
			isa = PBXCopyFilesBuildPhase;
			buildActionMask = 2147483647;
			dstPath = /usr/share/man/man1/;
			dstSubfolderSpec = 0;
			files = (
			);
			runOnlyForDeploymentPostprocessing = 1;
		};
/* End PBXCopyFilesBuildPhase section */

/* Begin PBXFileReference section */
		F907EA7022F3736E00196382 /* drawText Tests.xctest */ = {isa = PBXFileReference; explicitFileType = wrapper.cfbundle; includeInIndex = 0; path = "drawText Tests.xctest"; sourceTree = BUILT_PRODUCTS_DIR; };
		F907EA7222F3736E00196382 /* drawText_Tests.swift */ = {isa = PBXFileReference; lastKnownFileType = sourcecode.swift; path = drawText_Tests.swift; sourceTree = "<group>"; };
		F907EA7422F3736E00196382 /* Info.plist */ = {isa = PBXFileReference; lastKnownFileType = text.plist.xml; path = Info.plist; sourceTree = "<group>"; };
		F907EA7D22F3742900196382 /* text-size-adjustment-test.txt */ = {isa = PBXFileReference; lastKnownFileType = text; path = "text-size-adjustment-test.txt"; sourceTree = "<group>"; };
		F907EA7F22F3757A00196382 /* default-stylesheet.txt */ = {isa = PBXFileReference; lastKnownFileType = text; path = "default-stylesheet.txt"; sourceTree = "<group>"; };
		F907EA8022F375BD00196382 /* external-styles-sample.css */ = {isa = PBXFileReference; lastKnownFileType = text.css; path = "external-styles-sample.css"; sourceTree = "<group>"; };
		F907EA8322F376F700196382 /* external-styles-test.txt */ = {isa = PBXFileReference; lastKnownFileType = text; path = "external-styles-test.txt"; sourceTree = "<group>"; };
		F907EA8522F377D300196382 /* StylesheetTests.swift */ = {isa = PBXFileReference; lastKnownFileType = sourcecode.swift; path = StylesheetTests.swift; sourceTree = "<group>"; };
		F907EA8722F3780B00196382 /* DigitParsingTests.swift */ = {isa = PBXFileReference; lastKnownFileType = sourcecode.swift; path = DigitParsingTests.swift; sourceTree = "<group>"; };
		F907EA8922F38F8B00196382 /* FileSystemHelper.swift */ = {isa = PBXFileReference; lastKnownFileType = sourcecode.swift; path = FileSystemHelper.swift; sourceTree = "<group>"; };
		F99B0B9822F24329002851D8 /* drawText */ = {isa = PBXFileReference; explicitFileType = "compiled.mach-o.executable"; includeInIndex = 0; path = drawText; sourceTree = BUILT_PRODUCTS_DIR; };
		F99B0B9B22F24329002851D8 /* main.swift */ = {isa = PBXFileReference; lastKnownFileType = sourcecode.swift; path = main.swift; sourceTree = "<group>"; };
		F99B0BA322F2434E002851D8 /* CommandLineHelpers.swift */ = {isa = PBXFileReference; lastKnownFileType = sourcecode.swift; path = CommandLineHelpers.swift; sourceTree = "<group>"; };
		F99B0BA522F24403002851D8 /* TextImage.swift */ = {isa = PBXFileReference; lastKnownFileType = sourcecode.swift; path = TextImage.swift; sourceTree = "<group>"; };
		F99B0BAA22F245FF002851D8 /* style.css */ = {isa = PBXFileReference; lastKnownFileType = text.css; path = style.css; sourceTree = "<group>"; };
		F99B0BAB22F24629002851D8 /* Stylesheet.swift */ = {isa = PBXFileReference; lastKnownFileType = sourcecode.swift; path = Stylesheet.swift; sourceTree = "<group>"; };
		F99B0BAD22F24E81002851D8 /* Extensions.swift */ = {isa = PBXFileReference; lastKnownFileType = sourcecode.swift; path = Extensions.swift; sourceTree = "<group>"; };
		F9AE76F122F39664006C0FEB /* ExtensionsTests.swift */ = {isa = PBXFileReference; lastKnownFileType = sourcecode.swift; path = ExtensionsTests.swift; sourceTree = "<group>"; };
		F9C0B31E22F3F2EE00B5DDD2 /* CoreTextStack.swift */ = {isa = PBXFileReference; lastKnownFileType = sourcecode.swift; path = CoreTextStack.swift; sourceTree = "<group>"; };
		F9C0B32122F4A7BB00B5DDD2 /* large-text-block.txt */ = {isa = PBXFileReference; lastKnownFileType = text; path = "large-text-block.txt"; sourceTree = "<group>"; };
		F9C0B32322F4A7DC00B5DDD2 /* regular-text-block.txt */ = {isa = PBXFileReference; lastKnownFileType = text; path = "regular-text-block.txt"; sourceTree = "<group>"; };
		F9C0B32722F4A87A00B5DDD2 /* TextImageTests.swift */ = {isa = PBXFileReference; lastKnownFileType = sourcecode.swift; path = TextImageTests.swift; sourceTree = "<group>"; };
		F9C0B32A22F4B53C00B5DDD2 /* rtl-text-block.txt */ = {isa = PBXFileReference; lastKnownFileType = text; path = "rtl-text-block.txt"; sourceTree = "<group>"; };
/* End PBXFileReference section */

/* Begin PBXFrameworksBuildPhase section */
		F907EA6D22F3736E00196382 /* Frameworks */ = {
			isa = PBXFrameworksBuildPhase;
			buildActionMask = 2147483647;
			files = (
			);
			runOnlyForDeploymentPostprocessing = 0;
		};
		F99B0B9522F24329002851D8 /* Frameworks */ = {
			isa = PBXFrameworksBuildPhase;
			buildActionMask = 2147483647;
			files = (
			);
			runOnlyForDeploymentPostprocessing = 0;
		};
/* End PBXFrameworksBuildPhase section */

/* Begin PBXGroup section */
		F907EA7122F3736E00196382 /* drawText Tests */ = {
			isa = PBXGroup;
			children = (
				F907EA7222F3736E00196382 /* drawText_Tests.swift */,
				F9C0B32722F4A87A00B5DDD2 /* TextImageTests.swift */,
				F907EA8522F377D300196382 /* StylesheetTests.swift */,
				F9AE76F122F39664006C0FEB /* ExtensionsTests.swift */,
				F907EA8722F3780B00196382 /* DigitParsingTests.swift */,
				F907EA7422F3736E00196382 /* Info.plist */,
				F907EA7C22F3740F00196382 /* Test Cases */,
			);
			path = "drawText Tests";
			sourceTree = "<group>";
		};
		F907EA7C22F3740F00196382 /* Test Cases */ = {
			isa = PBXGroup;
			children = (
				F907EA7F22F3757A00196382 /* default-stylesheet.txt */,
				F907EA8322F376F700196382 /* external-styles-test.txt */,
				F907EA7D22F3742900196382 /* text-size-adjustment-test.txt */,
				F907EA8022F375BD00196382 /* external-styles-sample.css */,
				F9C0B32122F4A7BB00B5DDD2 /* large-text-block.txt */,
				F9C0B32A22F4B53C00B5DDD2 /* rtl-text-block.txt */,
				F9C0B32322F4A7DC00B5DDD2 /* regular-text-block.txt */,
			);
			path = "Test Cases";
			sourceTree = "<group>";
		};
		F99B0B8F22F24329002851D8 = {
			isa = PBXGroup;
			children = (
				F99B0B9A22F24329002851D8 /* drawText */,
				F907EA7122F3736E00196382 /* drawText Tests */,
				F99B0B9922F24329002851D8 /* Products */,
			);
			sourceTree = "<group>";
		};
		F99B0B9922F24329002851D8 /* Products */ = {
			isa = PBXGroup;
			children = (
				F99B0B9822F24329002851D8 /* drawText */,
				F907EA7022F3736E00196382 /* drawText Tests.xctest */,
			);
			name = Products;
			sourceTree = "<group>";
		};
		F99B0B9A22F24329002851D8 /* drawText */ = {
			isa = PBXGroup;
			children = (
				F99B0B9B22F24329002851D8 /* main.swift */,
				F99B0BA522F24403002851D8 /* TextImage.swift */,
				F99B0BAB22F24629002851D8 /* Stylesheet.swift */,
				F9C0B31E22F3F2EE00B5DDD2 /* CoreTextStack.swift */,
				F99B0BA222F2433E002851D8 /* Helpers */,
				F99B0BA922F245EC002851D8 /* Assets */,
			);
			path = drawText;
			sourceTree = "<group>";
		};
		F99B0BA222F2433E002851D8 /* Helpers */ = {
			isa = PBXGroup;
			children = (
				F99B0BA322F2434E002851D8 /* CommandLineHelpers.swift */,
				F99B0BAD22F24E81002851D8 /* Extensions.swift */,
				F907EA8922F38F8B00196382 /* FileSystemHelper.swift */,
			);
			path = Helpers;
			sourceTree = "<group>";
		};
		F99B0BA922F245EC002851D8 /* Assets */ = {
			isa = PBXGroup;
			children = (
				F99B0BAA22F245FF002851D8 /* style.css */,
			);
			path = Assets;
			sourceTree = "<group>";
		};
/* End PBXGroup section */

/* Begin PBXNativeTarget section */
		F907EA6F22F3736E00196382 /* drawText Tests */ = {
			isa = PBXNativeTarget;
			buildConfigurationList = F907EA7722F3736E00196382 /* Build configuration list for PBXNativeTarget "drawText Tests" */;
			buildPhases = (
				F907EA6C22F3736E00196382 /* Sources */,
				F907EA6D22F3736E00196382 /* Frameworks */,
				F907EA6E22F3736E00196382 /* Resources */,
			);
			buildRules = (
			);
			dependencies = (
			);
			name = "drawText Tests";
			productName = "drawText Tests";
			productReference = F907EA7022F3736E00196382 /* drawText Tests.xctest */;
			productType = "com.apple.product-type.bundle.unit-test";
		};
		F99B0B9722F24329002851D8 /* drawText */ = {
			isa = PBXNativeTarget;
			buildConfigurationList = F99B0B9F22F24329002851D8 /* Build configuration list for PBXNativeTarget "drawText" */;
			buildPhases = (
				F99B0B9422F24329002851D8 /* Sources */,
				F99B0B9522F24329002851D8 /* Frameworks */,
				F99B0B9622F24329002851D8 /* CopyFiles */,
			);
			buildRules = (
			);
			dependencies = (
			);
			name = drawText;
			productName = drawText;
			productReference = F99B0B9822F24329002851D8 /* drawText */;
			productType = "com.apple.product-type.tool";
		};
/* End PBXNativeTarget section */

/* Begin PBXProject section */
		F99B0B9022F24329002851D8 /* Project object */ = {
			isa = PBXProject;
			attributes = {
				LastSwiftUpdateCheck = 1030;
				LastUpgradeCheck = 1030;
				ORGANIZATIONNAME = Automattic;
				TargetAttributes = {
					F907EA6F22F3736E00196382 = {
						CreatedOnToolsVersion = 10.3;
					};
					F99B0B9722F24329002851D8 = {
						CreatedOnToolsVersion = 10.3;
					};
				};
			};
			buildConfigurationList = F99B0B9322F24329002851D8 /* Build configuration list for PBXProject "drawText" */;
			compatibilityVersion = "Xcode 9.3";
			developmentRegion = en;
			hasScannedForEncodings = 0;
			knownRegions = (
				en,
			);
			mainGroup = F99B0B8F22F24329002851D8;
			productRefGroup = F99B0B9922F24329002851D8 /* Products */;
			projectDirPath = "";
			projectRoot = "";
			targets = (
				F99B0B9722F24329002851D8 /* drawText */,
				F907EA6F22F3736E00196382 /* drawText Tests */,
			);
		};
/* End PBXProject section */

/* Begin PBXResourcesBuildPhase section */
		F907EA6E22F3736E00196382 /* Resources */ = {
			isa = PBXResourcesBuildPhase;
			buildActionMask = 2147483647;
			files = (
				F9C0B32222F4A7BB00B5DDD2 /* large-text-block.txt in Resources */,
				F907EA8122F375BD00196382 /* external-styles-sample.css in Resources */,
				F907EA8222F3766D00196382 /* default-stylesheet.txt in Resources */,
				F907EA7E22F3742900196382 /* text-size-adjustment-test.txt in Resources */,
				F9C0B32E22F4D70200B5DDD2 /* rtl-text-block.txt in Resources */,
				F9C0B32422F4A7DC00B5DDD2 /* regular-text-block.txt in Resources */,
				F907EA8422F3771200196382 /* external-styles-test.txt in Resources */,
			);
			runOnlyForDeploymentPostprocessing = 0;
		};
/* End PBXResourcesBuildPhase section */

/* Begin PBXSourcesBuildPhase section */
		F907EA6C22F3736E00196382 /* Sources */ = {
			isa = PBXSourcesBuildPhase;
			buildActionMask = 2147483647;
			files = (
				F907EA7B22F3738B00196382 /* Extensions.swift in Sources */,
				F9C0B32822F4A87A00B5DDD2 /* TextImageTests.swift in Sources */,
				F907EA8622F377D300196382 /* StylesheetTests.swift in Sources */,
				F907EA7822F3738700196382 /* TextImage.swift in Sources */,
				F907EA8822F3780B00196382 /* DigitParsingTests.swift in Sources */,
				F9C0B32022F3F3CE00B5DDD2 /* CoreTextStack.swift in Sources */,
				F907EA7A22F3738B00196382 /* CommandLineHelpers.swift in Sources */,
				F9AE76F222F39664006C0FEB /* ExtensionsTests.swift in Sources */,
				F9C0B31D22F3F29300B5DDD2 /* FileSystemHelper.swift in Sources */,
				F907EA7322F3736E00196382 /* drawText_Tests.swift in Sources */,
				F907EA7922F3738700196382 /* Stylesheet.swift in Sources */,
			);
			runOnlyForDeploymentPostprocessing = 0;
		};
		F99B0B9422F24329002851D8 /* Sources */ = {
			isa = PBXSourcesBuildPhase;
			buildActionMask = 2147483647;
			files = (
				F907EA8A22F38F8B00196382 /* FileSystemHelper.swift in Sources */,
				F9C0B31F22F3F2EE00B5DDD2 /* CoreTextStack.swift in Sources */,
				F99B0BAE22F24E81002851D8 /* Extensions.swift in Sources */,
				F99B0B9C22F24329002851D8 /* main.swift in Sources */,
				F99B0BAC22F24629002851D8 /* Stylesheet.swift in Sources */,
				F99B0BA622F24403002851D8 /* TextImage.swift in Sources */,
				F99B0BA422F2434E002851D8 /* CommandLineHelpers.swift in Sources */,
			);
			runOnlyForDeploymentPostprocessing = 0;
		};
/* End PBXSourcesBuildPhase section */

/* Begin XCBuildConfiguration section */
		F907EA7522F3736E00196382 /* Debug */ = {
			isa = XCBuildConfiguration;
			buildSettings = {
				CODE_SIGN_IDENTITY = "-";
				CODE_SIGN_STYLE = Manual;
				COMBINE_HIDPI_IMAGES = YES;
				DEVELOPMENT_TEAM = "";
				INFOPLIST_FILE = "drawText Tests/Info.plist";
				LD_RUNPATH_SEARCH_PATHS = (
					"$(inherited)",
					"@executable_path/../Frameworks",
					"@loader_path/../Frameworks",
				);
				PRODUCT_BUNDLE_IDENTIFIER = "com.automattic.drawText-Tests";
				PRODUCT_NAME = "$(TARGET_NAME)";
				PROVISIONING_PROFILE_SPECIFIER = "";
				SWIFT_VERSION = 5.0;
			};
			name = Debug;
		};
		F907EA7622F3736E00196382 /* Release */ = {
			isa = XCBuildConfiguration;
			buildSettings = {
				CODE_SIGN_IDENTITY = "-";
				CODE_SIGN_STYLE = Manual;
				COMBINE_HIDPI_IMAGES = YES;
				DEVELOPMENT_TEAM = "";
				INFOPLIST_FILE = "drawText Tests/Info.plist";
				LD_RUNPATH_SEARCH_PATHS = (
					"$(inherited)",
					"@executable_path/../Frameworks",
					"@loader_path/../Frameworks",
				);
				PRODUCT_BUNDLE_IDENTIFIER = "com.automattic.drawText-Tests";
				PRODUCT_NAME = "$(TARGET_NAME)";
				PROVISIONING_PROFILE_SPECIFIER = "";
				SWIFT_VERSION = 5.0;
			};
			name = Release;
		};
		F99B0B9D22F24329002851D8 /* Debug */ = {
			isa = XCBuildConfiguration;
			buildSettings = {
				ALWAYS_SEARCH_USER_PATHS = NO;
				CLANG_ANALYZER_NONNULL = YES;
				CLANG_ANALYZER_NUMBER_OBJECT_CONVERSION = YES_AGGRESSIVE;
				CLANG_CXX_LANGUAGE_STANDARD = "gnu++14";
				CLANG_CXX_LIBRARY = "libc++";
				CLANG_ENABLE_MODULES = YES;
				CLANG_ENABLE_OBJC_ARC = YES;
				CLANG_ENABLE_OBJC_WEAK = YES;
				CLANG_WARN_BLOCK_CAPTURE_AUTORELEASING = YES;
				CLANG_WARN_BOOL_CONVERSION = YES;
				CLANG_WARN_COMMA = YES;
				CLANG_WARN_CONSTANT_CONVERSION = YES;
				CLANG_WARN_DEPRECATED_OBJC_IMPLEMENTATIONS = YES;
				CLANG_WARN_DIRECT_OBJC_ISA_USAGE = YES_ERROR;
				CLANG_WARN_DOCUMENTATION_COMMENTS = YES;
				CLANG_WARN_EMPTY_BODY = YES;
				CLANG_WARN_ENUM_CONVERSION = YES;
				CLANG_WARN_INFINITE_RECURSION = YES;
				CLANG_WARN_INT_CONVERSION = YES;
				CLANG_WARN_NON_LITERAL_NULL_CONVERSION = YES;
				CLANG_WARN_OBJC_IMPLICIT_RETAIN_SELF = YES;
				CLANG_WARN_OBJC_LITERAL_CONVERSION = YES;
				CLANG_WARN_OBJC_ROOT_CLASS = YES_ERROR;
				CLANG_WARN_RANGE_LOOP_ANALYSIS = YES;
				CLANG_WARN_STRICT_PROTOTYPES = YES;
				CLANG_WARN_SUSPICIOUS_MOVE = YES;
				CLANG_WARN_UNGUARDED_AVAILABILITY = YES_AGGRESSIVE;
				CLANG_WARN_UNREACHABLE_CODE = YES;
				CLANG_WARN__DUPLICATE_METHOD_MATCH = YES;
				CODE_SIGN_IDENTITY = "Mac Developer";
				COPY_PHASE_STRIP = NO;
				DEBUG_INFORMATION_FORMAT = dwarf;
				ENABLE_STRICT_OBJC_MSGSEND = YES;
				ENABLE_TESTABILITY = YES;
				GCC_C_LANGUAGE_STANDARD = gnu11;
				GCC_DYNAMIC_NO_PIC = NO;
				GCC_NO_COMMON_BLOCKS = YES;
				GCC_OPTIMIZATION_LEVEL = 0;
				GCC_PREPROCESSOR_DEFINITIONS = (
					"DEBUG=1",
					"$(inherited)",
				);
				GCC_WARN_64_TO_32_BIT_CONVERSION = YES;
				GCC_WARN_ABOUT_RETURN_TYPE = YES_ERROR;
				GCC_WARN_UNDECLARED_SELECTOR = YES;
				GCC_WARN_UNINITIALIZED_AUTOS = YES_AGGRESSIVE;
				GCC_WARN_UNUSED_FUNCTION = YES;
				GCC_WARN_UNUSED_VARIABLE = YES;
				MACOSX_DEPLOYMENT_TARGET = 10.14;
				MTL_ENABLE_DEBUG_INFO = INCLUDE_SOURCE;
				MTL_FAST_MATH = YES;
				ONLY_ACTIVE_ARCH = YES;
				SDKROOT = macosx;
				SWIFT_ACTIVE_COMPILATION_CONDITIONS = DEBUG;
				SWIFT_OPTIMIZATION_LEVEL = "-Onone";
			};
			name = Debug;
		};
		F99B0B9E22F24329002851D8 /* Release */ = {
			isa = XCBuildConfiguration;
			buildSettings = {
				ALWAYS_SEARCH_USER_PATHS = NO;
				CLANG_ANALYZER_NONNULL = YES;
				CLANG_ANALYZER_NUMBER_OBJECT_CONVERSION = YES_AGGRESSIVE;
				CLANG_CXX_LANGUAGE_STANDARD = "gnu++14";
				CLANG_CXX_LIBRARY = "libc++";
				CLANG_ENABLE_MODULES = YES;
				CLANG_ENABLE_OBJC_ARC = YES;
				CLANG_ENABLE_OBJC_WEAK = YES;
				CLANG_WARN_BLOCK_CAPTURE_AUTORELEASING = YES;
				CLANG_WARN_BOOL_CONVERSION = YES;
				CLANG_WARN_COMMA = YES;
				CLANG_WARN_CONSTANT_CONVERSION = YES;
				CLANG_WARN_DEPRECATED_OBJC_IMPLEMENTATIONS = YES;
				CLANG_WARN_DIRECT_OBJC_ISA_USAGE = YES_ERROR;
				CLANG_WARN_DOCUMENTATION_COMMENTS = YES;
				CLANG_WARN_EMPTY_BODY = YES;
				CLANG_WARN_ENUM_CONVERSION = YES;
				CLANG_WARN_INFINITE_RECURSION = YES;
				CLANG_WARN_INT_CONVERSION = YES;
				CLANG_WARN_NON_LITERAL_NULL_CONVERSION = YES;
				CLANG_WARN_OBJC_IMPLICIT_RETAIN_SELF = YES;
				CLANG_WARN_OBJC_LITERAL_CONVERSION = YES;
				CLANG_WARN_OBJC_ROOT_CLASS = YES_ERROR;
				CLANG_WARN_RANGE_LOOP_ANALYSIS = YES;
				CLANG_WARN_STRICT_PROTOTYPES = YES;
				CLANG_WARN_SUSPICIOUS_MOVE = YES;
				CLANG_WARN_UNGUARDED_AVAILABILITY = YES_AGGRESSIVE;
				CLANG_WARN_UNREACHABLE_CODE = YES;
				CLANG_WARN__DUPLICATE_METHOD_MATCH = YES;
				CODE_SIGN_IDENTITY = "Mac Developer";
				COPY_PHASE_STRIP = NO;
				DEBUG_INFORMATION_FORMAT = "dwarf-with-dsym";
				ENABLE_NS_ASSERTIONS = NO;
				ENABLE_STRICT_OBJC_MSGSEND = YES;
				GCC_C_LANGUAGE_STANDARD = gnu11;
				GCC_NO_COMMON_BLOCKS = YES;
				GCC_WARN_64_TO_32_BIT_CONVERSION = YES;
				GCC_WARN_ABOUT_RETURN_TYPE = YES_ERROR;
				GCC_WARN_UNDECLARED_SELECTOR = YES;
				GCC_WARN_UNINITIALIZED_AUTOS = YES_AGGRESSIVE;
				GCC_WARN_UNUSED_FUNCTION = YES;
				GCC_WARN_UNUSED_VARIABLE = YES;
				MACOSX_DEPLOYMENT_TARGET = 10.14;
				MTL_ENABLE_DEBUG_INFO = NO;
				MTL_FAST_MATH = YES;
				SDKROOT = macosx;
				SWIFT_COMPILATION_MODE = wholemodule;
				SWIFT_OPTIMIZATION_LEVEL = "-O";
			};
			name = Release;
		};
		F99B0BA022F24329002851D8 /* Debug */ = {
			isa = XCBuildConfiguration;
			buildSettings = {
				CODE_SIGN_IDENTITY = "-";
				CODE_SIGN_STYLE = Manual;
				DEVELOPMENT_TEAM = "";
				PRODUCT_NAME = "$(TARGET_NAME)";
				PROVISIONING_PROFILE_SPECIFIER = "";
				SWIFT_VERSION = 5.0;
			};
			name = Debug;
		};
		F99B0BA122F24329002851D8 /* Release */ = {
			isa = XCBuildConfiguration;
			buildSettings = {
				CODE_SIGN_IDENTITY = "-";
				CODE_SIGN_STYLE = Manual;
				DEVELOPMENT_TEAM = "";
				PRODUCT_NAME = "$(TARGET_NAME)";
				PROVISIONING_PROFILE_SPECIFIER = "";
				SWIFT_VERSION = 5.0;
			};
			name = Release;
		};
/* End XCBuildConfiguration section */

/* Begin XCConfigurationList section */
		F907EA7722F3736E00196382 /* Build configuration list for PBXNativeTarget "drawText Tests" */ = {
			isa = XCConfigurationList;
			buildConfigurations = (
				F907EA7522F3736E00196382 /* Debug */,
				F907EA7622F3736E00196382 /* Release */,
			);
			defaultConfigurationIsVisible = 0;
			defaultConfigurationName = Release;
		};
		F99B0B9322F24329002851D8 /* Build configuration list for PBXProject "drawText" */ = {
			isa = XCConfigurationList;
			buildConfigurations = (
				F99B0B9D22F24329002851D8 /* Debug */,
				F99B0B9E22F24329002851D8 /* Release */,
			);
			defaultConfigurationIsVisible = 0;
			defaultConfigurationName = Release;
		};
		F99B0B9F22F24329002851D8 /* Build configuration list for PBXNativeTarget "drawText" */ = {
			isa = XCConfigurationList;
			buildConfigurations = (
				F99B0BA022F24329002851D8 /* Debug */,
				F99B0BA122F24329002851D8 /* Release */,
			);
			defaultConfigurationIsVisible = 0;
			defaultConfigurationName = Release;
		};
/* End XCConfigurationList section */
	};
	rootObject = F99B0B9022F24329002851D8 /* Project object */;
}
